<?xml version="1.0" encoding="utf-8"?>
<Project ToolsVersion="4.0" xmlns="http://schemas.microsoft.com/developer/msbuild/2003">
  <ItemGroup>
    <ClCompile Include="source\main.cpp">
      <Filter>Source Files</Filter>
    </ClCompile>
    <ClCompile Include="source\time.cpp">
      <Filter>Source Files</Filter>
    </ClCompile>
    <ClCompile Include="source\engine_context.cpp">
      <Filter>Source Files</Filter>
    </ClCompile>
    <ClCompile Include="source\window.cpp">
      <Filter>Source Files</Filter>
    </ClCompile>
    <ClCompile Include="source\input.cpp">
      <Filter>Source Files</Filter>
    </ClCompile>
    <ClCompile Include="source\pipeline\pipeline.cpp">
      <Filter>Source Files\Pipeline</Filter>
    </ClCompile>
    <ClCompile Include="source\pipeline\standard_pipeline.cpp">
      <Filter>Source Files\Pipeline</Filter>
    </ClCompile>
    <ClCompile Include="source\mesh.cpp">
      <Filter>Source Files</Filter>
    </ClCompile>
    <ClCompile Include="source\pipeline\raytracing_pipeline.cpp">
      <Filter>Source Files\Pipeline</Filter>
    </ClCompile>
    <ClCompile Include="source\vulkan_extension.cpp">
      <Filter>Source Files</Filter>
    </ClCompile>
    <ClCompile Include="source\scene.cpp">
      <Filter>Source Files</Filter>
    </ClCompile>
    <ClCompile Include="source\descriptor_set.cpp">
      <Filter>Source Files</Filter>
    </ClCompile>
    <ClCompile Include="source\pipeline\post_pipeline.cpp">
      <Filter>Source Files\Pipeline</Filter>
    </ClCompile>
  </ItemGroup>
  <ItemGroup>
    <ClInclude Include="include\window.h">
      <Filter>Header Files</Filter>
    </ClInclude>
    <ClInclude Include="include\time.h">
      <Filter>Header Files</Filter>
    </ClInclude>
    <ClInclude Include="include\input.h">
      <Filter>Header Files</Filter>
    </ClInclude>
    <ClInclude Include="include\engine_context.h">
      <Filter>Header Files</Filter>
    </ClInclude>
    <ClInclude Include="include\pipeline\pipeline.h">
      <Filter>Header Files\Pipeline</Filter>
    </ClInclude>
    <ClInclude Include="include\pipeline\standard_pipeline.h">
      <Filter>Header Files\Pipeline</Filter>
    </ClInclude>
    <ClInclude Include="include\mesh.h">
      <Filter>Header Files</Filter>
    </ClInclude>
    <ClInclude Include="include\pipeline\raytracing_pipeline.h">
      <Filter>Header Files\Pipeline</Filter>
    </ClInclude>
    <ClInclude Include="include\scene.h">
      <Filter>Header Files</Filter>
    </ClInclude>
    <ClInclude Include="include\descriptor_set.h">
      <Filter>Header Files</Filter>
    </ClInclude>
    <ClInclude Include="include\pipeline\post_pipeline.h">
      <Filter>Header Files\Pipeline</Filter>
    </ClInclude>
  </ItemGroup>
  <ItemGroup>
    <Filter Include="Source Files">
      <UniqueIdentifier>{1a132fdb-ff4d-43af-9a93-6d0f24752e5d}</UniqueIdentifier>
    </Filter>
    <Filter Include="Header Files">
      <UniqueIdentifier>{d9d1469a-6c14-4c72-bfff-c345c4f7bacf}</UniqueIdentifier>
    </Filter>
    <Filter Include="Resource Files">
      <UniqueIdentifier>{ce9c5782-926d-427f-9ec6-1686f1d0c808}</UniqueIdentifier>
    </Filter>
    <Filter Include="Resource Files\Shaders">
      <UniqueIdentifier>{d7958761-9eb8-4fdd-8f29-781bca53bc32}</UniqueIdentifier>
    </Filter>
    <Filter Include="Resource Files\Shaders\GLSL">
      <UniqueIdentifier>{6e891cf5-fb98-49ca-aae6-315baeca8455}</UniqueIdentifier>
    </Filter>
    <Filter Include="Header Files\Pipeline">
      <UniqueIdentifier>{f0691a65-8934-4325-a99f-775e6b5a8d71}</UniqueIdentifier>
    </Filter>
    <Filter Include="Source Files\Pipeline">
      <UniqueIdentifier>{7315f748-947f-42a9-9627-813248d0de29}</UniqueIdentifier>
    </Filter>
  </ItemGroup>
  <ItemGroup>
    <None Include="resource\shaders\GLSL\shader.frag">
      <Filter>Resource Files\Shaders\GLSL</Filter>
    </None>
    <None Include="resource\shaders\GLSL\shader.vert">
      <Filter>Resource Files\Shaders\GLSL</Filter>
    </None>
    <None Include="resource\shaders\GLSL\raytrace.rchit">
      <Filter>Resource Files\Shaders\GLSL</Filter>
    </None>
    <None Include="resource\shaders\GLSL\raytrace.rgen">
      <Filter>Resource Files\Shaders\GLSL</Filter>
    </None>
    <None Include="resource\shaders\GLSL\raytrace.rmiss">
      <Filter>Resource Files\Shaders\GLSL</Filter>
    </None>
    <None Include="resource\shaders\GLSL\postShader.vert">
      <Filter>Resource Files\Shaders\GLSL</Filter>
    </None>
    <None Include="resource\shaders\GLSL\postShader.frag">
      <Filter>Resource Files\Shaders\GLSL</Filter>
    </None>
  </ItemGroup>
</Project>